<Solution>
  <Folder Name="/src/">
    <Project Path="src/ShockwaveFlash/ShockwaveFlash.csproj" />
    <Project Path="src/ShockwaveFlash.Avm1/ShockwaveFlash.Avm1.csproj" />
    <Project Path="src/ShockwaveFlash.Avm1.CodeAnalysis/ShockwaveFlash.Avm1.CodeAnalysis.csproj" />
    <Project Path="src/ShockwaveFlash.Benchmarks/ShockwaveFlash.Benchmarks.csproj" />
    <Project Path="src/ShockwaveFlash.Rendering/ShockwaveFlash.Rendering.csproj" />
    <Project Path="src/ShockwaveFlash.SourceGenerators/ShockwaveFlash.SourceGenerators.csproj" />
    <Project Path="src/ShockwaveFlash.Tests/ShockwaveFlash.Tests.csproj" />
  </Folder>
</Solution>
